# THIS IS AN AUTOGENERATED FILE. DO NOT EDIT THIS FILE DIRECTLY.
# yarn lockfile v1


prettier@3.2.5:
  version "3.2.5"
  resolved "https://registry.yarnpkg.com/prettier/-/prettier-3.2.5.tgz#e52bc3090586e824964a8813b09aba6233b28368"
  integrity sha512-3/GWa9aOC0YeD7LUfvOG2NiDyhOWRvt1k+rcKhOuYnMY24iiCphgneUfJDyFXd6rZCAnuLBv6UeAULtrhT/F4A==

turbo-darwin-64@2.0.6:
  version "2.0.6"
  resolved "https://registry.yarnpkg.com/turbo-darwin-64/-/turbo-darwin-64-2.0.6.tgz#b916d810bb10b2abdf6da5a830b9db67ff783b2b"
  integrity sha512-XpgBwWj3Ggmz/gQVqXdMKXHC1iFPMDiuwugLwSzE7Ih0O13JuNtYZKhQnopvbDQnFQCeRq2Vsm5OTWabg/oB/g==

turbo-darwin-arm64@2.0.6:
  version "2.0.6"
  resolved "https://registry.yarnpkg.com/turbo-darwin-arm64/-/turbo-darwin-arm64-2.0.6.tgz#61877ed515513ccdc39d750d88fa6ec2cd61af26"
  integrity sha512-RfeZYXIAkiA21E8lsvfptGTqz/256YD+eI1x37fedfvnHFWuIMFZGAOwJxtZc6QasQunDZ9TRRREbJNI68tkIw==

turbo-linux-64@2.0.6:
  version "2.0.6"
  resolved "https://registry.yarnpkg.com/turbo-linux-64/-/turbo-linux-64-2.0.6.tgz#a80a3edbf58fa351593d5f0535ad5c4aef71deb4"
  integrity sha512-92UDa0xNQQbx0HdSp9ag3YSS3xPdavhc7q9q9mxIAcqyjjD6VElA4Y85m4F/DDGE5SolCrvBz2sQhVmkOd6Caw==

turbo-linux-arm64@2.0.6:
  version "2.0.6"
  resolved "https://registry.yarnpkg.com/turbo-linux-arm64/-/turbo-linux-arm64-2.0.6.tgz#a0366816c0a9c08966b6cc5358fd9097c153722a"
  integrity sha512-eQKu6utCVUkIH2kqOzD8OS6E0ba6COjWm6PRDTNCHQRljZW503ycaTUIdMOiJrVg1MkEjDyOReUg8s8D18aJ4Q==

turbo-windows-64@2.0.6:
  version "2.0.6"
  resolved "https://registry.yarnpkg.com/turbo-windows-64/-/turbo-windows-64-2.0.6.tgz#4ea229c9e615ad9d56faa9cacf9afa9f5eb43cd4"
  integrity sha512-+9u4EPrpoeHYCQ46dRcou9kbkSoelhOelHNcbs2d86D6ruYD/oIAHK9qgYK8LeARRz0jxhZIA/dWYdYsxJJWkw==

turbo-windows-arm64@2.0.6:
  version "2.0.6"
  resolved "https://registry.yarnpkg.com/turbo-windows-arm64/-/turbo-windows-arm64-2.0.6.tgz#466fa8ae4b43b29feefddff22384299d7482aef9"
  integrity sha512-rdrKL+p+EjtdDVg0wQ/7yTbzkIYrnb0Pw4IKcjsy3M0RqUM9UcEi67b94XOAyTa5a0GqJL1+tUj2ebsFGPgZbg==

turbo@2.0.6:
  version "2.0.6"
  resolved "https://registry.yarnpkg.com/turbo/-/turbo-2.0.6.tgz#2ba513ed5f060d3e03b3ba9ef1e43a4a39cfe64a"
  integrity sha512-/Ftmxd5Mq//a9yMonvmwENNUN65jOVTwhhBPQjEtNZutYT9YKyzydFGLyVM1nzhpLWahQSMamRc/RDBv5EapzA==
  optionalDependencies:
    turbo-darwin-64 "2.0.6"
    turbo-darwin-arm64 "2.0.6"
    turbo-linux-64 "2.0.6"
    turbo-linux-arm64 "2.0.6"
    turbo-windows-64 "2.0.6"
    turbo-windows-arm64 "2.0.6"

typescript@5.4.5:
  version "5.4.5"
  resolved "https://registry.yarnpkg.com/typescript/-/typescript-5.4.5.tgz#42ccef2c571fdbd0f6718b1d1f5e6e5ef006f611"
  integrity sha512-vcI4UpRgg81oIRUFwR0WSIHKt11nJ7SAVlYNIu+QpqeyXP+gpQJy/Z4+F0aGxSE4MqwjyXvW/TzgkLAx2AGHwQ==
